{
  "name": "books-toscrape",
  "version": "1.0.0",
  "lockfileVersion": 3,
  "requires": true,
  "packages": {
    "": {
      "name": "books-toscrape",
      "version": "1.0.0",
      "license": "ISC",
      "dependencies": {
        "blessed": "^0.1.81",
        "fs": "^0.0.1-security",
        "fs-extra": "^11.1.1",
        "playwright": "^1.32.0"
      },
      "devDependencies": {
        "@types/node": "^18.15.5"
      }
    },
    "node_modules/@types/node": {
      "version": "18.15.5",
      "resolved": "https://registry.npmjs.org/@types/node/-/node-18.15.5.tgz",
      "integrity": "sha512-Ark2WDjjZO7GmvsyFFf81MXuGTA/d6oP38anyxWOL6EREyBKAxKoFHwBhaZxCfLRLpO8JgVXwqOwSwa7jRcjew==",
      "dev": true
    },
    "node_modules/blessed": {
      "version": "0.1.81",
      "resolved": "https://registry.npmjs.org/blessed/-/blessed-0.1.81.tgz",
      "integrity": "sha512-LoF5gae+hlmfORcG1M5+5XZi4LBmvlXTzwJWzUlPryN/SJdSflZvROM2TwkT0GMpq7oqT48NRd4GS7BiVBc5OQ==",
      "bin": {
        "blessed": "bin/tput.js"
      },
      "engines": {
        "node": ">= 0.8.0"
      }
    },
    "node_modules/fs": {
      "version": "0.0.1-security",
      "resolved": "https://registry.npmjs.org/fs/-/fs-0.0.1-security.tgz",
      "integrity": "sha512-3XY9e1pP0CVEUCdj5BmfIZxRBTSDycnbqhIOGec9QYtmVH2fbLpj86CFWkrNOkt/Fvty4KZG5lTglL9j/gJ87w=="
    },
    "node_modules/fs-extra": {
      "version": "11.1.1",
      "resolved": "https://registry.npmjs.org/fs-extra/-/fs-extra-11.1.1.tgz",
      "integrity": "sha512-MGIE4HOvQCeUCzmlHs0vXpih4ysz4wg9qiSAu6cd42lVwPbTM1TjV7RusoyQqMmk/95gdQZX72u+YW+c3eEpFQ==",
      "dependencies": {
        "graceful-fs": "^4.2.0",
        "jsonfile": "^6.0.1",
        "universalify": "^2.0.0"
      },
      "engines": {
        "node": ">=14.14"
      }
    },
    "node_modules/graceful-fs": {
      "version": "4.2.11",
      "resolved": "https://registry.npmjs.org/graceful-fs/-/graceful-fs-4.2.11.tgz",
      "integrity": "sha512-RbJ5/jmFcNNCcDV5o9eTnBLJ/HszWV0P73bc+Ff4nS/rJj+YaS6IGyiOL0VoBYX+l1Wrl3k63h/KrH+nhJ0XvQ=="
    },
    "node_modules/jsonfile": {
      "version": "6.1.0",
      "resolved": "https://registry.npmjs.org/jsonfile/-/jsonfile-6.1.0.tgz",
      "integrity": "sha512-5dgndWOriYSm5cnYaJNhalLNDKOqFwyDB/rr1E9ZsGciGvKPs8R2xYGCacuf3z6K1YKDz182fd+fY3cn3pMqXQ==",
      "dependencies": {
        "universalify": "^2.0.0"
      },
      "optionalDependencies": {
        "graceful-fs": "^4.1.6"
      }
    },
    "node_modules/playwright": {
      "version": "1.32.0",
      "resolved": "https://registry.npmjs.org/playwright/-/playwright-1.32.0.tgz",
      "integrity": "sha512-zQVzxTGoC/ak2Zu0l3CeBGQ6z5oOka5ecUOk+5QbmAerih6CaVsjY9BjjhiN+UOImd3xLiNeCcmLEWcXlz1Dlg==",
      "hasInstallScript": true,
      "dependencies": {
        "playwright-core": "1.32.0"
      },
      "bin": {
        "playwright": "cli.js"
      },
      "engines": {
        "node": ">=14"
      }
    },
    "node_modules/playwright-core": {
      "version": "1.32.0",
      "resolved": "https://registry.npmjs.org/playwright-core/-/playwright-core-1.32.0.tgz",
      "integrity": "sha512-Z9Ij17X5Z3bjpp6XKujGBp9Gv4eViESac9aDmwgQFUEJBW0K80T21m/Z+XJQlu4cNsvPygw33b6V1Va6Bda5zQ==",
      "bin": {
        "playwright": "cli.js"
      },
      "engines": {
        "node": ">=14"
      }
    },
    "node_modules/universalify": {
      "version": "2.0.0",
      "resolved": "https://registry.npmjs.org/universalify/-/universalify-2.0.0.tgz",
      "integrity": "sha512-hAZsKq7Yy11Zu1DE0OzWjw7nnLZmJZYTDZZyEFHZdUhV8FkH5MCfoU1XMaxXovpyW5nq5scPqq0ZDP9Zyl04oQ==",
      "engines": {
        "node": ">= 10.0.0"
      }
    }
  }
}
